
Microsoft Visual Studio Solution File, Format Version 12.00
# Visual Studio Version 17
VisualStudioVersion = 17.0.31912.275
MinimumVisualStudioVersion = 10.0.40219.1
Project("{FAE04EC0-301F-11D3-BF4B-00C04F79EFBC}") = "MaterialsCalculator", "MaterialsCalculator\MaterialsCalculator.csproj", "{8FBEF4A9-0E9E-4951-809A-577AB9571826}"
EndProject
Global
	GlobalSection(SolutionConfigurationPlatforms) = preSolution
		Debug|Any CPU = Debug|Any CPU
		Release|Any CPU = Release|Any CPU
	EndGlobalSection
	GlobalSection(ProjectConfigurationPlatforms) = postSolution
		{8FBEF4A9-0E9E-4951-809A-577AB9571826}.Debug|Any CPU.ActiveCfg = Debug|Any CPU
		{8FBEF4A9-0E9E-4951-809A-577AB9571826}.Debug|Any CPU.Build.0 = Debug|Any CPU
		{8FBEF4A9-0E9E-4951-809A-577AB9571826}.Release|Any CPU.ActiveCfg = Release|Any CPU
		{8FBEF4A9-0E9E-4951-809A-577AB9571826}.Release|Any CPU.Build.0 = Release|Any CPU
	EndGlobalSection
	GlobalSection(SolutionProperties) = preSolution
		HideSolutionNode = FALSE
	EndGlobalSection
	GlobalSection(ExtensibilityGlobals) = postSolution
		SolutionGuid = {1F92FC69-D526-4F64-9739-BFA84DE0D52D}
	EndGlobalSection
EndGlobal
